%{"base64url": {:hex, :base64url, "0.0.1", "36a90125f5948e3afd7be97662a1504b934dd5dac78451ca6e9abf85a10286be", [:rebar], []},
  "connection": {:hex, :connection, "1.0.4", "a1cae72211f0eef17705aaededacac3eb30e6625b04a6117c1b2db6ace7d5976", [:mix], []},
  "db_connection": {:hex, :db_connection, "1.1.0", "b2b88db6d7d12f99997b584d09fad98e560b817a20dab6a526830e339f54cdb3", [:mix], [{:connection, "~> 1.0.2", [hex: :connection, optional: false]}, {:poolboy, "~> 1.5", [hex: :poolboy, optional: true]}, {:sbroker, "~> 1.0", [hex: :sbroker, optional: true]}]},
  "decimal": {:hex, :decimal, "1.3.1", "157b3cedb2bfcb5359372a7766dd7a41091ad34578296e951f58a946fcab49c6", [:mix], []},
  "earmark": {:hex, :earmark, "0.1.17", "a2269e72ff85501bdb58c2de9edc0a9a17a4be2757883eed1f601b30494ed2bf", [:mix], []},
  "ecto": {:hex, :ecto, "2.1.2", "8d7bde4170b33e1049850a5dbe0112bfd232824e63c73ee63383df4c6ffd4064", [:mix], [{:db_connection, "~> 1.1", [hex: :db_connection, optional: true]}, {:decimal, "~> 1.2", [hex: :decimal, optional: false]}, {:mariaex, "~> 0.8.0", [hex: :mariaex, optional: true]}, {:poison, "~> 2.2 or ~> 3.0", [hex: :poison, optional: true]}, {:poolboy, "~> 1.5", [hex: :poolboy, optional: false]}, {:postgrex, "~> 0.13.0", [hex: :postgrex, optional: true]}, {:sbroker, "~> 1.0", [hex: :sbroker, optional: true]}]},
  "ex_doc": {:hex, :ex_doc, "0.8.4", "c74a30b09627ff22a2bb7f75d3b75dec3aedb2bd434bb3009a73a40425c2315d", [:mix], [{:earmark, "~> 0.1.17 or ~> 0.2", [hex: :earmark, optional: true]}]},
  "guardian": {:hex, :guardian, "0.12.0", "ab1f0a1ab0cd8f4f9c8cca6e28d61136ca682684cf0f82e55a50e8061be7575a", [:mix], [{:jose, "~> 1.6", [hex: :jose, optional: false]}, {:plug, "~> 1.0", [hex: :plug, optional: false]}, {:poison, ">= 1.3.0", [hex: :poison, optional: false]}, {:uuid, ">=1.1.1", [hex: :uuid, optional: false]}]},
  "joken": {:hex, :joken, "0.15.0"},
  "jose": {:hex, :jose, "1.7.5", "f19f890f7aaa1261230af691e2f1e0fc60bf44bce7d34c86022d0efa8875628a", [:mix, :rebar], [{:base64url, "~> 0.0.1", [hex: :base64url, optional: false]}]},
  "plug": {:hex, :plug, "1.1.5", "de5645c18170415a72b18cc3d215c05321ddecac27a15acb923742156e98278b", [:mix], [{:cowboy, "~> 1.0", [hex: :cowboy, optional: true]}]},
  "poison": {:hex, :poison, "3.0.0", "625ebd64d33ae2e65201c2c14d6c85c27cc8b68f2d0dd37828fde9c6920dd131", [:mix], []},
  "poolboy": {:hex, :poolboy, "1.5.1", "6b46163901cfd0a1b43d692657ed9d7e599853b3b21b95ae5ae0a777cf9b6ca8", [:rebar], []},
  "postgrex": {:hex, :postgrex, "0.13.0", "e101ab47d0725955c5c8830ae8812412992e02e4bd9db09e17abb0a5d82d09c7", [:mix], [{:connection, "~> 1.0", [hex: :connection, optional: false]}, {:db_connection, "~> 1.1", [hex: :db_connection, optional: false]}, {:decimal, "~> 1.0", [hex: :decimal, optional: false]}]},
  "uuid": {:hex, :uuid, "1.1.4", "36c7734e4c8e357f2f67ba57fb61799d60c20a7f817b104896cca64b857e3686", [:mix], []}}
