%{"base64url": {:hex, :base64url, "0.0.1", "36a90125f5948e3afd7be97662a1504b934dd5dac78451ca6e9abf85a10286be", [:rebar], []},
  "connection": {:hex, :connection, "1.0.2", "f4a06dd3ecae4141aa66f94ce92ea4c4b8753069472814932f1cadbc3078ab80", [:mix], []},
  "db_connection": {:hex, :db_connection, "0.2.5", "3e5e28019e0ec744345568d22a2f5206109bff0e2571f4d7819e0d14cf955f3e", [:mix], [{:sbroker, "~> 0.7", [hex: :sbroker, optional: true]}, {:poolboy, "~> 1.5", [hex: :poolboy, optional: true]}, {:connection, "~> 1.0.2", [hex: :connection, optional: false]}]},
  "decimal": {:hex, :decimal, "1.1.2", "79a769d4657b2d537b51ef3c02d29ab7141d2b486b516c109642d453ee08e00c", [:mix], []},
  "earmark": {:hex, :earmark, "0.1.17", "a2269e72ff85501bdb58c2de9edc0a9a17a4be2757883eed1f601b30494ed2bf", [:mix], []},
  "ecto": {:hex, :ecto, "2.0.0-rc.5", "a95184a260edb89669be7746b3b270725ce6940e378b05d19df82eecf52544cb", [:mix], [{:sbroker, "~> 0.7", [hex: :sbroker, optional: true]}, {:postgrex, "~> 0.11.1", [hex: :postgrex, optional: true]}, {:poolboy, "~> 1.5", [hex: :poolboy, optional: false]}, {:poison, "~> 1.5 or ~> 2.0", [hex: :poison, optional: true]}, {:mariaex, "~> 0.7.1", [hex: :mariaex, optional: true]}, {:decimal, "~> 1.0", [hex: :decimal, optional: false]}]},
  "ex_doc": {:hex, :ex_doc, "0.8.4", "c74a30b09627ff22a2bb7f75d3b75dec3aedb2bd434bb3009a73a40425c2315d", [:mix], [{:earmark, "~> 0.1.17 or ~> 0.2", [hex: :earmark, optional: true]}]},
  "guardian": {:hex, :guardian, "0.12.0", "ab1f0a1ab0cd8f4f9c8cca6e28d61136ca682684cf0f82e55a50e8061be7575a", [:mix], [{:uuid, ">=1.1.1", [hex: :uuid, optional: false]}, {:poison, ">= 1.3.0", [hex: :poison, optional: false]}, {:plug, "~> 1.0", [hex: :plug, optional: false]}, {:jose, "~> 1.6", [hex: :jose, optional: false]}]},
  "joken": {:hex, :joken, "0.15.0"},
  "jose": {:hex, :jose, "1.7.5", "f19f890f7aaa1261230af691e2f1e0fc60bf44bce7d34c86022d0efa8875628a", [:mix, :rebar], [{:base64url, "~> 0.0.1", [hex: :base64url, optional: false]}]},
  "plug": {:hex, :plug, "1.1.5", "de5645c18170415a72b18cc3d215c05321ddecac27a15acb923742156e98278b", [:mix], [{:cowboy, "~> 1.0", [hex: :cowboy, optional: true]}]},
  "poison": {:hex, :poison, "2.1.0", "f583218ced822675e484648fa26c933d621373f01c6c76bd00005d7bd4b82e27", [:mix], []},
  "poolboy": {:hex, :poolboy, "1.5.1", "6b46163901cfd0a1b43d692657ed9d7e599853b3b21b95ae5ae0a777cf9b6ca8", [:rebar], []},
  "postgrex": {:hex, :postgrex, "0.11.1", "f48af70c0a58b9bfd1aaa456ec4273624554cfb837726b6a7f0701da4a94b2dd", [:mix], [{:decimal, "~> 1.0", [hex: :decimal, optional: false]}, {:db_connection, "~> 0.2", [hex: :db_connection, optional: false]}, {:connection, "~> 1.0", [hex: :connection, optional: false]}]},
  "uuid": {:hex, :uuid, "1.1.4", "36c7734e4c8e357f2f67ba57fb61799d60c20a7f817b104896cca64b857e3686", [:mix], []}}
